# This file is automatically @generated by Cargo.
# It is not intended for manual editing.
version = 4

[[package]]
name = "rusty-xr-camera-model"
version = "0.1.0"

[[package]]
name = "rusty-xr-contracts"
version = "0.1.0"

[[package]]
name = "rusty-xr-depth-model"
version = "0.1.0"

[[package]]
name = "rusty-xr-lsl"
version = "0.1.0"

[[package]]
name = "rusty-xr-particles"
version = "0.1.0"

[[package]]
name = "rusty-xr-quest-diagnostics"
version = "0.1.0"

[[package]]
name = "rusty-xr-runtime-config"
version = "0.1.0"

[[package]]
name = "rusty-xr-sdf"
version = "0.1.0"
